// !$*UTF8*$!
{
	archiveVersion = 1;
	classes = {
	};
	objectVersion = 56;
	objects = {

/* Begin PBXBuildFile section */
		3D813AD62EB1937D009D4C00 /* AppDelegate.swift in Sources */ = {isa = PBXBuildFile; fileRef = 3D813AD52EB1937D009D4C00 /* AppDelegate.swift */; };
		3D813AD82EB1937D009D4C00 /* SceneDelegate.swift in Sources */ = {isa = PBXBuildFile; fileRef = 3D813AD72EB1937D009D4C00 /* SceneDelegate.swift */; };
		3D813ADA2EB1937D009D4C00 /* ViewController.swift in Sources */ = {isa = PBXBuildFile; fileRef = 3D813AD92EB1937D009D4C00 /* ViewController.swift */; };
		3D813ADD2EB1937D009D4C00 /* Main.storyboard in Resources */ = {isa = PBXBuildFile; fileRef = 3D813ADB2EB1937D009D4C00 /* Main.storyboard */; };
		3D813ADF2EB19380009D4C00 /* Assets.xcassets in Resources */ = {isa = PBXBuildFile; fileRef = 3D813ADE2EB19380009D4C00 /* Assets.xcassets */; };
		3D813AE22EB19380009D4C00 /* LaunchScreen.storyboard in Resources */ = {isa = PBXBuildFile; fileRef = 3D813AE02EB19380009D4C00 /* LaunchScreen.storyboard */; };
		3D813AED2EB19381009D4C00 /* TransportationsTests.swift in Sources */ = {isa = PBXBuildFile; fileRef = 3D813AEC2EB19381009D4C00 /* TransportationsTests.swift */; };
		3D813AF72EB19381009D4C00 /* TransportationsUITests.swift in Sources */ = {isa = PBXBuildFile; fileRef = 3D813AF62EB19381009D4C00 /* TransportationsUITests.swift */; };
		3D813AF92EB19381009D4C00 /* TransportationsUITestsLaunchTests.swift in Sources */ = {isa = PBXBuildFile; fileRef = 3D813AF82EB19381009D4C00 /* TransportationsUITestsLaunchTests.swift */; };
/* End PBXBuildFile section */

/* Begin PBXContainerItemProxy section */
		3D813AE92EB19381009D4C00 /* PBXContainerItemProxy */ = {
			isa = PBXContainerItemProxy;
			containerPortal = 3D813ACA2EB1937D009D4C00 /* Project object */;
			proxyType = 1;
			remoteGlobalIDString = 3D813AD12EB1937D009D4C00;
			remoteInfo = Transportations;
		};
		3D813AF32EB19381009D4C00 /* PBXContainerItemProxy */ = {
			isa = PBXContainerItemProxy;
			containerPortal = 3D813ACA2EB1937D009D4C00 /* Project object */;
			proxyType = 1;
			remoteGlobalIDString = 3D813AD12EB1937D009D4C00;
			remoteInfo = Transportations;
		};
/* End PBXContainerItemProxy section */

/* Begin PBXFileReference section */
		3D813AD22EB1937D009D4C00 /* Transportations.app */ = {isa = PBXFileReference; explicitFileType = wrapper.application; includeInIndex = 0; path = Transportations.app; sourceTree = BUILT_PRODUCTS_DIR; };
		3D813AD52EB1937D009D4C00 /* AppDelegate.swift */ = {isa = PBXFileReference; lastKnownFileType = sourcecode.swift; path = AppDelegate.swift; sourceTree = "<group>"; };
		3D813AD72EB1937D009D4C00 /* SceneDelegate.swift */ = {isa = PBXFileReference; lastKnownFileType = sourcecode.swift; path = SceneDelegate.swift; sourceTree = "<group>"; };
		3D813AD92EB1937D009D4C00 /* ViewController.swift */ = {isa = PBXFileReference; lastKnownFileType = sourcecode.swift; path = ViewController.swift; sourceTree = "<group>"; };
		3D813ADC2EB1937D009D4C00 /* Base */ = {isa = PBXFileReference; lastKnownFileType = file.storyboard; name = Base; path = Base.lproj/Main.storyboard; sourceTree = "<group>"; };
		3D813ADE2EB19380009D4C00 /* Assets.xcassets */ = {isa = PBXFileReference; lastKnownFileType = folder.assetcatalog; path = Assets.xcassets; sourceTree = "<group>"; };
		3D813AE12EB19380009D4C00 /* Base */ = {isa = PBXFileReference; lastKnownFileType = file.storyboard; name = Base; path = Base.lproj/LaunchScreen.storyboard; sourceTree = "<group>"; };
		3D813AE32EB19380009D4C00 /* Info.plist */ = {isa = PBXFileReference; lastKnownFileType = text.plist.xml; path = Info.plist; sourceTree = "<group>"; };
		3D813AE82EB19381009D4C00 /* TransportationsTests.xctest */ = {isa = PBXFileReference; explicitFileType = wrapper.cfbundle; includeInIndex = 0; path = TransportationsTests.xctest; sourceTree = BUILT_PRODUCTS_DIR; };
		3D813AEC2EB19381009D4C00 /* TransportationsTests.swift */ = {isa = PBXFileReference; lastKnownFileType = sourcecode.swift; path = TransportationsTests.swift; sourceTree = "<group>"; };
		3D813AF22EB19381009D4C00 /* TransportationsUITests.xctest */ = {isa = PBXFileReference; explicitFileType = wrapper.cfbundle; includeInIndex = 0; path = TransportationsUITests.xctest; sourceTree = BUILT_PRODUCTS_DIR; };
		3D813AF62EB19381009D4C00 /* TransportationsUITests.swift */ = {isa = PBXFileReference; lastKnownFileType = sourcecode.swift; path = TransportationsUITests.swift; sourceTree = "<group>"; };
		3D813AF82EB19381009D4C00 /* TransportationsUITestsLaunchTests.swift */ = {isa = PBXFileReference; lastKnownFileType = sourcecode.swift; path = TransportationsUITestsLaunchTests.swift; sourceTree = "<group>"; };
/* End PBXFileReference section */

/* Begin PBXFrameworksBuildPhase section */
		3D813ACF2EB1937D009D4C00 /* Frameworks */ = {
			isa = PBXFrameworksBuildPhase;
			buildActionMask = 2147483647;
			files = (
			);
			runOnlyForDeploymentPostprocessing = 0;
		};
		3D813AE52EB19381009D4C00 /* Frameworks */ = {
			isa = PBXFrameworksBuildPhase;
			buildActionMask = 2147483647;
			files = (
			);
			runOnlyForDeploymentPostprocessing = 0;
		};
		3D813AEF2EB19381009D4C00 /* Frameworks */ = {
			isa = PBXFrameworksBuildPhase;
			buildActionMask = 2147483647;
			files = (
			);
			runOnlyForDeploymentPostprocessing = 0;
		};
/* End PBXFrameworksBuildPhase section */

/* Begin PBXGroup section */
		3D813AC92EB1937D009D4C00 = {
			isa = PBXGroup;
			children = (
				3D813AD42EB1937D009D4C00 /* Transportations */,
				3D813AEB2EB19381009D4C00 /* TransportationsTests */,
				3D813AF52EB19381009D4C00 /* TransportationsUITests */,
				3D813AD32EB1937D009D4C00 /* Products */,
			);
			sourceTree = "<group>";
		};
		3D813AD32EB1937D009D4C00 /* Products */ = {
			isa = PBXGroup;
			children = (
				3D813AD22EB1937D009D4C00 /* Transportations.app */,
				3D813AE82EB19381009D4C00 /* TransportationsTests.xctest */,
				3D813AF22EB19381009D4C00 /* TransportationsUITests.xctest */,
			);
			name = Products;
			sourceTree = "<group>";
		};
		3D813AD42EB1937D009D4C00 /* Transportations */ = {
			isa = PBXGroup;
			children = (
				3D813AD52EB1937D009D4C00 /* AppDelegate.swift */,
				3D813AD72EB1937D009D4C00 /* SceneDelegate.swift */,
				3D813AD92EB1937D009D4C00 /* ViewController.swift */,
				3D813ADB2EB1937D009D4C00 /* Main.storyboard */,
				3D813ADE2EB19380009D4C00 /* Assets.xcassets */,
				3D813AE02EB19380009D4C00 /* LaunchScreen.storyboard */,
				3D813AE32EB19380009D4C00 /* Info.plist */,
			);
			path = Transportations;
			sourceTree = "<group>";
		};
		3D813AEB2EB19381009D4C00 /* TransportationsTests */ = {
			isa = PBXGroup;
			children = (
				3D813AEC2EB19381009D4C00 /* TransportationsTests.swift */,
			);
			path = TransportationsTests;
			sourceTree = "<group>";
		};
		3D813AF52EB19381009D4C00 /* TransportationsUITests */ = {
			isa = PBXGroup;
			children = (
				3D813AF62EB19381009D4C00 /* TransportationsUITests.swift */,
				3D813AF82EB19381009D4C00 /* TransportationsUITestsLaunchTests.swift */,
			);
			path = TransportationsUITests;
			sourceTree = "<group>";
		};
/* End PBXGroup section */

/* Begin PBXNativeTarget section */
		3D813AD12EB1937D009D4C00 /* Transportations */ = {
			isa = PBXNativeTarget;
			buildConfigurationList = 3D813AFC2EB19381009D4C00 /* Build configuration list for PBXNativeTarget "Transportations" */;
			buildPhases = (
				3D813ACE2EB1937D009D4C00 /* Sources */,
				3D813ACF2EB1937D009D4C00 /* Frameworks */,
				3D813AD02EB1937D009D4C00 /* Resources */,
			);
			buildRules = (
			);
			dependencies = (
			);
			name = Transportations;
			productName = Transportations;
			productReference = 3D813AD22EB1937D009D4C00 /* Transportations.app */;
			productType = "com.apple.product-type.application";
		};
		3D813AE72EB19381009D4C00 /* TransportationsTests */ = {
			isa = PBXNativeTarget;
			buildConfigurationList = 3D813AFF2EB19381009D4C00 /* Build configuration list for PBXNativeTarget "TransportationsTests" */;
			buildPhases = (
				3D813AE42EB19381009D4C00 /* Sources */,
				3D813AE52EB19381009D4C00 /* Frameworks */,
				3D813AE62EB19381009D4C00 /* Resources */,
			);
			buildRules = (
			);
			dependencies = (
				3D813AEA2EB19381009D4C00 /* PBXTargetDependency */,
			);
			name = TransportationsTests;
			productName = TransportationsTests;
			productReference = 3D813AE82EB19381009D4C00 /* TransportationsTests.xctest */;
			productType = "com.apple.product-type.bundle.unit-test";
		};
		3D813AF12EB19381009D4C00 /* TransportationsUITests */ = {
			isa = PBXNativeTarget;
			buildConfigurationList = 3D813B022EB19381009D4C00 /* Build configuration list for PBXNativeTarget "TransportationsUITests" */;
			buildPhases = (
				3D813AEE2EB19381009D4C00 /* Sources */,
				3D813AEF2EB19381009D4C00 /* Frameworks */,
				3D813AF02EB19381009D4C00 /* Resources */,
			);
			buildRules = (
			);
			dependencies = (
				3D813AF42EB19381009D4C00 /* PBXTargetDependency */,
			);
			name = TransportationsUITests;
			productName = TransportationsUITests;
			productReference = 3D813AF22EB19381009D4C00 /* TransportationsUITests.xctest */;
			productType = "com.apple.product-type.bundle.ui-testing";
		};
/* End PBXNativeTarget section */

/* Begin PBXProject section */
		3D813ACA2EB1937D009D4C00 /* Project object */ = {
			isa = PBXProject;
			attributes = {
				BuildIndependentTargetsInParallel = 1;
				LastSwiftUpdateCheck = 1430;
				LastUpgradeCheck = 1430;
				TargetAttributes = {
					3D813AD12EB1937D009D4C00 = {
						CreatedOnToolsVersion = 14.3.1;
					};
					3D813AE72EB19381009D4C00 = {
						CreatedOnToolsVersion = 14.3.1;
						TestTargetID = 3D813AD12EB1937D009D4C00;
					};
					3D813AF12EB19381009D4C00 = {
						CreatedOnToolsVersion = 14.3.1;
						TestTargetID = 3D813AD12EB1937D009D4C00;
					};
				};
			};
			buildConfigurationList = 3D813ACD2EB1937D009D4C00 /* Build configuration list for PBXProject "Transportations" */;
			compatibilityVersion = "Xcode 14.0";
			developmentRegion = en;
			hasScannedForEncodings = 0;
			knownRegions = (
				en,
				Base,
			);
			mainGroup = 3D813AC92EB1937D009D4C00;
			productRefGroup = 3D813AD32EB1937D009D4C00 /* Products */;
			projectDirPath = "";
			projectRoot = "";
			targets = (
				3D813AD12EB1937D009D4C00 /* Transportations */,
				3D813AE72EB19381009D4C00 /* TransportationsTests */,
				3D813AF12EB19381009D4C00 /* TransportationsUITests */,
			);
		};
/* End PBXProject section */

/* Begin PBXResourcesBuildPhase section */
		3D813AD02EB1937D009D4C00 /* Resources */ = {
			isa = PBXResourcesBuildPhase;
			buildActionMask = 2147483647;
			files = (
				3D813AE22EB19380009D4C00 /* LaunchScreen.storyboard in Resources */,
				3D813ADF2EB19380009D4C00 /* Assets.xcassets in Resources */,
				3D813ADD2EB1937D009D4C00 /* Main.storyboard in Resources */,
			);
			runOnlyForDeploymentPostprocessing = 0;
		};
		3D813AE62EB19381009D4C00 /* Resources */ = {
			isa = PBXResourcesBuildPhase;
			buildActionMask = 2147483647;
			files = (
			);
			runOnlyForDeploymentPostprocessing = 0;
		};
		3D813AF02EB19381009D4C00 /* Resources */ = {
			isa = PBXResourcesBuildPhase;
			buildActionMask = 2147483647;
			files = (
			);
			runOnlyForDeploymentPostprocessing = 0;
		};
/* End PBXResourcesBuildPhase section */

/* Begin PBXSourcesBuildPhase section */
		3D813ACE2EB1937D009D4C00 /* Sources */ = {
			isa = PBXSourcesBuildPhase;
			buildActionMask = 2147483647;
			files = (
				3D813ADA2EB1937D009D4C00 /* ViewController.swift in Sources */,
				3D813AD62EB1937D009D4C00 /* AppDelegate.swift in Sources */,
				3D813AD82EB1937D009D4C00 /* SceneDelegate.swift in Sources */,
			);
			runOnlyForDeploymentPostprocessing = 0;
		};
		3D813AE42EB19381009D4C00 /* Sources */ = {
			isa = PBXSourcesBuildPhase;
			buildActionMask = 2147483647;
			files = (
				3D813AED2EB19381009D4C00 /* TransportationsTests.swift in Sources */,
			);
			runOnlyForDeploymentPostprocessing = 0;
		};
		3D813AEE2EB19381009D4C00 /* Sources */ = {
			isa = PBXSourcesBuildPhase;
			buildActionMask = 2147483647;
			files = (
				3D813AF92EB19381009D4C00 /* TransportationsUITestsLaunchTests.swift in Sources */,
				3D813AF72EB19381009D4C00 /* TransportationsUITests.swift in Sources */,
			);
			runOnlyForDeploymentPostprocessing = 0;
		};
/* End PBXSourcesBuildPhase section */

/* Begin PBXTargetDependency section */
		3D813AEA2EB19381009D4C00 /* PBXTargetDependency */ = {
			isa = PBXTargetDependency;
			target = 3D813AD12EB1937D009D4C00 /* Transportations */;
			targetProxy = 3D813AE92EB19381009D4C00 /* PBXContainerItemProxy */;
		};
		3D813AF42EB19381009D4C00 /* PBXTargetDependency */ = {
			isa = PBXTargetDependency;
			target = 3D813AD12EB1937D009D4C00 /* Transportations */;
			targetProxy = 3D813AF32EB19381009D4C00 /* PBXContainerItemProxy */;
		};
/* End PBXTargetDependency section */

/* Begin PBXVariantGroup section */
		3D813ADB2EB1937D009D4C00 /* Main.storyboard */ = {
			isa = PBXVariantGroup;
			children = (
				3D813ADC2EB1937D009D4C00 /* Base */,
			);
			name = Main.storyboard;
			sourceTree = "<group>";
		};
		3D813AE02EB19380009D4C00 /* LaunchScreen.storyboard */ = {
			isa = PBXVariantGroup;
			children = (
				3D813AE12EB19380009D4C00 /* Base */,
			);
			name = LaunchScreen.storyboard;
			sourceTree = "<group>";
		};
/* End PBXVariantGroup section */

/* Begin XCBuildConfiguration section */
		3D813AFA2EB19381009D4C00 /* Debug */ = {
			isa = XCBuildConfiguration;
			buildSettings = {
				ALWAYS_SEARCH_USER_PATHS = NO;
				CLANG_ANALYZER_NONNULL = YES;
				CLANG_ANALYZER_NUMBER_OBJECT_CONVERSION = YES_AGGRESSIVE;
				CLANG_CXX_LANGUAGE_STANDARD = "gnu++20";
				CLANG_ENABLE_MODULES = YES;
				CLANG_ENABLE_OBJC_ARC = YES;
				CLANG_ENABLE_OBJC_WEAK = YES;
				CLANG_WARN_BLOCK_CAPTURE_AUTORELEASING = YES;
				CLANG_WARN_BOOL_CONVERSION = YES;
				CLANG_WARN_COMMA = YES;
				CLANG_WARN_CONSTANT_CONVERSION = YES;
				CLANG_WARN_DEPRECATED_OBJC_IMPLEMENTATIONS = YES;
				CLANG_WARN_DIRECT_OBJC_ISA_USAGE = YES_ERROR;
				CLANG_WARN_DOCUMENTATION_COMMENTS = YES;
				CLANG_WARN_EMPTY_BODY = YES;
				CLANG_WARN_ENUM_CONVERSION = YES;
				CLANG_WARN_INFINITE_RECURSION = YES;
				CLANG_WARN_INT_CONVERSION = YES;
				CLANG_WARN_NON_LITERAL_NULL_CONVERSION = YES;
				CLANG_WARN_OBJC_IMPLICIT_RETAIN_SELF = YES;
				CLANG_WARN_OBJC_LITERAL_CONVERSION = YES;
				CLANG_WARN_OBJC_ROOT_CLASS = YES_ERROR;
				CLANG_WARN_QUOTED_INCLUDE_IN_FRAMEWORK_HEADER = YES;
				CLANG_WARN_RANGE_LOOP_ANALYSIS = YES;
				CLANG_WARN_STRICT_PROTOTYPES = YES;
				CLANG_WARN_SUSPICIOUS_MOVE = YES;
				CLANG_WARN_UNGUARDED_AVAILABILITY = YES_AGGRESSIVE;
				CLANG_WARN_UNREACHABLE_CODE = YES;
				CLANG_WARN__DUPLICATE_METHOD_MATCH = YES;
				COPY_PHASE_STRIP = NO;
				DEBUG_INFORMATION_FORMAT = dwarf;
				ENABLE_STRICT_OBJC_MSGSEND = YES;
				ENABLE_TESTABILITY = YES;
				GCC_C_LANGUAGE_STANDARD = gnu11;
				GCC_DYNAMIC_NO_PIC = NO;
				GCC_NO_COMMON_BLOCKS = YES;
				GCC_OPTIMIZATION_LEVEL = 0;
				GCC_PREPROCESSOR_DEFINITIONS = (
					"DEBUG=1",
					"$(inherited)",
				);
				GCC_WARN_64_TO_32_BIT_CONVERSION = YES;
				GCC_WARN_ABOUT_RETURN_TYPE = YES_ERROR;
				GCC_WARN_UNDECLARED_SELECTOR = YES;
				GCC_WARN_UNINITIALIZED_AUTOS = YES_AGGRESSIVE;
				GCC_WARN_UNUSED_FUNCTION = YES;
				GCC_WARN_UNUSED_VARIABLE = YES;
				IPHONEOS_DEPLOYMENT_TARGET = 16.4;
				MTL_ENABLE_DEBUG_INFO = INCLUDE_SOURCE;
				MTL_FAST_MATH = YES;
				ONLY_ACTIVE_ARCH = YES;
				SDKROOT = iphoneos;
				SWIFT_ACTIVE_COMPILATION_CONDITIONS = DEBUG;
				SWIFT_OPTIMIZATION_LEVEL = "-Onone";
			};
			name = Debug;
		};
		3D813AFB2EB19381009D4C00 /* Release */ = {
			isa = XCBuildConfiguration;
			buildSettings = {
				ALWAYS_SEARCH_USER_PATHS = NO;
				CLANG_ANALYZER_NONNULL = YES;
				CLANG_ANALYZER_NUMBER_OBJECT_CONVERSION = YES_AGGRESSIVE;
				CLANG_CXX_LANGUAGE_STANDARD = "gnu++20";
				CLANG_ENABLE_MODULES = YES;
				CLANG_ENABLE_OBJC_ARC = YES;
				CLANG_ENABLE_OBJC_WEAK = YES;
				CLANG_WARN_BLOCK_CAPTURE_AUTORELEASING = YES;
				CLANG_WARN_BOOL_CONVERSION = YES;
				CLANG_WARN_COMMA = YES;
				CLANG_WARN_CONSTANT_CONVERSION = YES;
				CLANG_WARN_DEPRECATED_OBJC_IMPLEMENTATIONS = YES;
				CLANG_WARN_DIRECT_OBJC_ISA_USAGE = YES_ERROR;
				CLANG_WARN_DOCUMENTATION_COMMENTS = YES;
				CLANG_WARN_EMPTY_BODY = YES;
				CLANG_WARN_ENUM_CONVERSION = YES;
				CLANG_WARN_INFINITE_RECURSION = YES;
				CLANG_WARN_INT_CONVERSION = YES;
				CLANG_WARN_NON_LITERAL_NULL_CONVERSION = YES;
				CLANG_WARN_OBJC_IMPLICIT_RETAIN_SELF = YES;
				CLANG_WARN_OBJC_LITERAL_CONVERSION = YES;
				CLANG_WARN_OBJC_ROOT_CLASS = YES_ERROR;
				CLANG_WARN_QUOTED_INCLUDE_IN_FRAMEWORK_HEADER = YES;
				CLANG_WARN_RANGE_LOOP_ANALYSIS = YES;
				CLANG_WARN_STRICT_PROTOTYPES = YES;
				CLANG_WARN_SUSPICIOUS_MOVE = YES;
				CLANG_WARN_UNGUARDED_AVAILABILITY = YES_AGGRESSIVE;
				CLANG_WARN_UNREACHABLE_CODE = YES;
				CLANG_WARN__DUPLICATE_METHOD_MATCH = YES;
				COPY_PHASE_STRIP = NO;
				DEBUG_INFORMATION_FORMAT = "dwarf-with-dsym";
				ENABLE_NS_ASSERTIONS = NO;
				ENABLE_STRICT_OBJC_MSGSEND = YES;
				GCC_C_LANGUAGE_STANDARD = gnu11;
				GCC_NO_COMMON_BLOCKS = YES;
				GCC_WARN_64_TO_32_BIT_CONVERSION = YES;
				GCC_WARN_ABOUT_RETURN_TYPE = YES_ERROR;
				GCC_WARN_UNDECLARED_SELECTOR = YES;
				GCC_WARN_UNINITIALIZED_AUTOS = YES_AGGRESSIVE;
				GCC_WARN_UNUSED_FUNCTION = YES;
				GCC_WARN_UNUSED_VARIABLE = YES;
				IPHONEOS_DEPLOYMENT_TARGET = 16.4;
				MTL_ENABLE_DEBUG_INFO = NO;
				MTL_FAST_MATH = YES;
				SDKROOT = iphoneos;
				SWIFT_COMPILATION_MODE = wholemodule;
				SWIFT_OPTIMIZATION_LEVEL = "-O";
				VALIDATE_PRODUCT = YES;
			};
			name = Release;
		};
		3D813AFD2EB19381009D4C00 /* Debug */ = {
			isa = XCBuildConfiguration;
			buildSettings = {
				ASSETCATALOG_COMPILER_APPICON_NAME = AppIcon;
				ASSETCATALOG_COMPILER_GLOBAL_ACCENT_COLOR_NAME = AccentColor;
				CODE_SIGN_STYLE = Automatic;
				CURRENT_PROJECT_VERSION = 1;
				DEVELOPMENT_TEAM = 87PS2524G2;
				GENERATE_INFOPLIST_FILE = YES;
				INFOPLIST_FILE = Transportations/Info.plist;
				INFOPLIST_KEY_UIApplicationSupportsIndirectInputEvents = YES;
				INFOPLIST_KEY_UILaunchStoryboardName = LaunchScreen;
				INFOPLIST_KEY_UIMainStoryboardFile = Main;
				INFOPLIST_KEY_UISupportedInterfaceOrientations_iPad = "UIInterfaceOrientationPortrait UIInterfaceOrientationPortraitUpsideDown UIInterfaceOrientationLandscapeLeft UIInterfaceOrientationLandscapeRight";
				INFOPLIST_KEY_UISupportedInterfaceOrientations_iPhone = "UIInterfaceOrientationPortrait UIInterfaceOrientationLandscapeLeft UIInterfaceOrientationLandscapeRight";
				LD_RUNPATH_SEARCH_PATHS = (
					"$(inherited)",
					"@executable_path/Frameworks",
				);
				MARKETING_VERSION = 1.0;
				PRODUCT_BUNDLE_IDENTIFIER = JethLie.Transportations;
				PRODUCT_NAME = "$(TARGET_NAME)";
				SWIFT_EMIT_LOC_STRINGS = YES;
				SWIFT_VERSION = 5.0;
				TARGETED_DEVICE_FAMILY = "1,2";
			};
			name = Debug;
		};
		3D813AFE2EB19381009D4C00 /* Release */ = {
			isa = XCBuildConfiguration;
			buildSettings = {
				ASSETCATALOG_COMPILER_APPICON_NAME = AppIcon;
				ASSETCATALOG_COMPILER_GLOBAL_ACCENT_COLOR_NAME = AccentColor;
				CODE_SIGN_STYLE = Automatic;
				CURRENT_PROJECT_VERSION = 1;
				DEVELOPMENT_TEAM = 87PS2524G2;
				GENERATE_INFOPLIST_FILE = YES;
				INFOPLIST_FILE = Transportations/Info.plist;
				INFOPLIST_KEY_UIApplicationSupportsIndirectInputEvents = YES;
				INFOPLIST_KEY_UILaunchStoryboardName = LaunchScreen;
				INFOPLIST_KEY_UIMainStoryboardFile = Main;
				INFOPLIST_KEY_UISupportedInterfaceOrientations_iPad = "UIInterfaceOrientationPortrait UIInterfaceOrientationPortraitUpsideDown UIInterfaceOrientationLandscapeLeft UIInterfaceOrientationLandscapeRight";
				INFOPLIST_KEY_UISupportedInterfaceOrientations_iPhone = "UIInterfaceOrientationPortrait UIInterfaceOrientationLandscapeLeft UIInterfaceOrientationLandscapeRight";
				LD_RUNPATH_SEARCH_PATHS = (
					"$(inherited)",
					"@executable_path/Frameworks",
				);
				MARKETING_VERSION = 1.0;
				PRODUCT_BUNDLE_IDENTIFIER = JethLie.Transportations;
				PRODUCT_NAME = "$(TARGET_NAME)";
				SWIFT_EMIT_LOC_STRINGS = YES;
				SWIFT_VERSION = 5.0;
				TARGETED_DEVICE_FAMILY = "1,2";
			};
			name = Release;
		};
		3D813B002EB19381009D4C00 /* Debug */ = {
			isa = XCBuildConfiguration;
			buildSettings = {
				ALWAYS_EMBED_SWIFT_STANDARD_LIBRARIES = YES;
				BUNDLE_LOADER = "$(TEST_HOST)";
				CODE_SIGN_STYLE = Automatic;
				CURRENT_PROJECT_VERSION = 1;
				DEVELOPMENT_TEAM = 87PS2524G2;
				GENERATE_INFOPLIST_FILE = YES;
				IPHONEOS_DEPLOYMENT_TARGET = 16.4;
				MARKETING_VERSION = 1.0;
				PRODUCT_BUNDLE_IDENTIFIER = JethLie.TransportationsTests;
				PRODUCT_NAME = "$(TARGET_NAME)";
				SWIFT_EMIT_LOC_STRINGS = NO;
				SWIFT_VERSION = 5.0;
				TARGETED_DEVICE_FAMILY = "1,2";
				TEST_HOST = "$(BUILT_PRODUCTS_DIR)/Transportations.app/$(BUNDLE_EXECUTABLE_FOLDER_PATH)/Transportations";
			};
			name = Debug;
		};
		3D813B012EB19381009D4C00 /* Release */ = {
			isa = XCBuildConfiguration;
			buildSettings = {
				ALWAYS_EMBED_SWIFT_STANDARD_LIBRARIES = YES;
				BUNDLE_LOADER = "$(TEST_HOST)";
				CODE_SIGN_STYLE = Automatic;
				CURRENT_PROJECT_VERSION = 1;
				DEVELOPMENT_TEAM = 87PS2524G2;
				GENERATE_INFOPLIST_FILE = YES;
				IPHONEOS_DEPLOYMENT_TARGET = 16.4;
				MARKETING_VERSION = 1.0;
				PRODUCT_BUNDLE_IDENTIFIER = JethLie.TransportationsTests;
				PRODUCT_NAME = "$(TARGET_NAME)";
				SWIFT_EMIT_LOC_STRINGS = NO;
				SWIFT_VERSION = 5.0;
				TARGETED_DEVICE_FAMILY = "1,2";
				TEST_HOST = "$(BUILT_PRODUCTS_DIR)/Transportations.app/$(BUNDLE_EXECUTABLE_FOLDER_PATH)/Transportations";
			};
			name = Release;
		};
		3D813B032EB19381009D4C00 /* Debug */ = {
			isa = XCBuildConfiguration;
			buildSettings = {
				ALWAYS_EMBED_SWIFT_STANDARD_LIBRARIES = YES;
				CODE_SIGN_STYLE = Automatic;
				CURRENT_PROJECT_VERSION = 1;
				DEVELOPMENT_TEAM = 87PS2524G2;
				GENERATE_INFOPLIST_FILE = YES;
				MARKETING_VERSION = 1.0;
				PRODUCT_BUNDLE_IDENTIFIER = JethLie.TransportationsUITests;
				PRODUCT_NAME = "$(TARGET_NAME)";
				SWIFT_EMIT_LOC_STRINGS = NO;
				SWIFT_VERSION = 5.0;
				TARGETED_DEVICE_FAMILY = "1,2";
				TEST_TARGET_NAME = Transportations;
			};
			name = Debug;
		};
		3D813B042EB19381009D4C00 /* Release */ = {
			isa = XCBuildConfiguration;
			buildSettings = {
				ALWAYS_EMBED_SWIFT_STANDARD_LIBRARIES = YES;
				CODE_SIGN_STYLE = Automatic;
				CURRENT_PROJECT_VERSION = 1;
				DEVELOPMENT_TEAM = 87PS2524G2;
				GENERATE_INFOPLIST_FILE = YES;
				MARKETING_VERSION = 1.0;
				PRODUCT_BUNDLE_IDENTIFIER = JethLie.TransportationsUITests;
				PRODUCT_NAME = "$(TARGET_NAME)";
				SWIFT_EMIT_LOC_STRINGS = NO;
				SWIFT_VERSION = 5.0;
				TARGETED_DEVICE_FAMILY = "1,2";
				TEST_TARGET_NAME = Transportations;
			};
			name = Release;
		};
/* End XCBuildConfiguration section */

/* Begin XCConfigurationList section */
		3D813ACD2EB1937D009D4C00 /* Build configuration list for PBXProject "Transportations" */ = {
			isa = XCConfigurationList;
			buildConfigurations = (
				3D813AFA2EB19381009D4C00 /* Debug */,
				3D813AFB2EB19381009D4C00 /* Release */,
			);
			defaultConfigurationIsVisible = 0;
			defaultConfigurationName = Release;
		};
		3D813AFC2EB19381009D4C00 /* Build configuration list for PBXNativeTarget "Transportations" */ = {
			isa = XCConfigurationList;
			buildConfigurations = (
				3D813AFD2EB19381009D4C00 /* Debug */,
				3D813AFE2EB19381009D4C00 /* Release */,
			);
			defaultConfigurationIsVisible = 0;
			defaultConfigurationName = Release;
		};
		3D813AFF2EB19381009D4C00 /* Build configuration list for PBXNativeTarget "TransportationsTests" */ = {
			isa = XCConfigurationList;
			buildConfigurations = (
				3D813B002EB19381009D4C00 /* Debug */,
				3D813B012EB19381009D4C00 /* Release */,
			);
			defaultConfigurationIsVisible = 0;
			defaultConfigurationName = Release;
		};
		3D813B022EB19381009D4C00 /* Build configuration list for PBXNativeTarget "TransportationsUITests" */ = {
			isa = XCConfigurationList;
			buildConfigurations = (
				3D813B032EB19381009D4C00 /* Debug */,
				3D813B042EB19381009D4C00 /* Release */,
			);
			defaultConfigurationIsVisible = 0;
			defaultConfigurationName = Release;
		};
/* End XCConfigurationList section */
	};
	rootObject = 3D813ACA2EB1937D009D4C00 /* Project object */;
}
